
Microsoft Visual Studio Solution File, Format Version 12.00
# Visual Studio 15
Project("{2150E333-8FDC-42A3-9474-1A3956D46DE8}") = "Modules", "Modules", "{79CBECEA-977A-492B-9B39-3C890EC42480}"
EndProject
Project("{2150E333-8FDC-42A3-9474-1A3956D46DE8}") = "Banking", "Banking", "{A7030CBC-24AE-4E41-9B0B-3E42C77274D9}"
EndProject
Project("{2150E333-8FDC-42A3-9474-1A3956D46DE8}") = "Transfer", "Transfer", "{5DF83A17-1AB4-44A4-8DA4-3A222CA1EE5C}"
EndProject
Project("{2150E333-8FDC-42A3-9474-1A3956D46DE8}") = "Microservices", "Microservices", "{AC105D51-0120-43B4-A717-CD0FB869AC52}"
EndProject
Project("{2150E333-8FDC-42A3-9474-1A3956D46DE8}") = "src", "src", "{DF770062-AD1B-43E5-B814-B7E41CD55537}"
EndProject
Project("{2150E333-8FDC-42A3-9474-1A3956D46DE8}") = "test", "test", "{B4E520E0-6DCE-4B33-B8AA-783EED295E5B}"
EndProject
Project("{2150E333-8FDC-42A3-9474-1A3956D46DE8}") = "src", "src", "{98776087-9BA8-4869-9AF1-403BE1C0859C}"
EndProject
Project("{2150E333-8FDC-42A3-9474-1A3956D46DE8}") = "test", "test", "{6A52C50E-C7E2-41A3-A443-A204F6926F25}"
EndProject
Project("{FAE04EC0-301F-11D3-BF4B-00C04F79EFBC}") = "AbpMicroRabbit.Banking.Application.Contracts", "AbpMicroRabbit.Banking.Application.Contracts\AbpMicroRabbit.Banking.Application.Contracts.csproj", "{1F31CEAC-7F19-4F64-AA88-05D7ACE11CE9}"
EndProject
Project("{FAE04EC0-301F-11D3-BF4B-00C04F79EFBC}") = "AbpMicroRabbit.Banking.Domain", "AbpMicroRabbit.Banking.Domain\AbpMicroRabbit.Banking.Domain.csproj", "{A4A91C86-2A99-45C1-856B-8639DF1D7891}"
EndProject
Project("{FAE04EC0-301F-11D3-BF4B-00C04F79EFBC}") = "AbpMicroRabbit.Banking.EntityFrameworkCore", "AbpMicroRabbit.Banking.EntityFrameworkCore\AbpMicroRabbit.Banking.EntityFrameworkCore.csproj", "{162459F8-D4B7-44E1-9685-F243AD13E189}"
EndProject
Project("{FAE04EC0-301F-11D3-BF4B-00C04F79EFBC}") = "AbpMicroRabbit.Banking.Application", "AbpMicroRabbit.Banking.Application\AbpMicroRabbit.Banking.Application.csproj", "{C62C16B4-5BE8-477B-870E-3AFCDA42D148}"
EndProject
Project("{FAE04EC0-301F-11D3-BF4B-00C04F79EFBC}") = "AbpMicroRabbit.Transfer.Application", "AbpMicroRabbit.Transfer.Application\AbpMicroRabbit.Transfer.Application.csproj", "{D1922031-BF64-4E64-BA83-963C5B281395}"
EndProject
Project("{FAE04EC0-301F-11D3-BF4B-00C04F79EFBC}") = "AbpMicroRabbit.Transfer.Domain", "AbpMicroRabbit.Transfer.Domain\AbpMicroRabbit.Transfer.Domain.csproj", "{DF240802-CFD5-4203-8D85-278C26032FAE}"
EndProject
Project("{FAE04EC0-301F-11D3-BF4B-00C04F79EFBC}") = "AbpMicroRabbit.Transfer.Application.Contracts", "AbpMicroRabbit.Transfer.Application.Contracts\AbpMicroRabbit.Transfer.Application.Contracts.csproj", "{9E198970-6745-4356-A95A-A83D68167CA9}"
EndProject
Project("{FAE04EC0-301F-11D3-BF4B-00C04F79EFBC}") = "AbpMicroRabbit.Transfer.EntityFrameworkCore", "AbpMicroRabbit.Transfer.EntityFrameworkCore\AbpMicroRabbit.Transfer.EntityFrameworkCore.csproj", "{E2F970C6-9C88-4CE2-AAA6-4990E81FEE44}"
EndProject
Project("{2150E333-8FDC-42A3-9474-1A3956D46DE8}") = "Shared", "Shared", "{E6302D3B-6D9F-419D-BAD6-605FDAAABF03}"
EndProject
Project("{FAE04EC0-301F-11D3-BF4B-00C04F79EFBC}") = "AbpMicroRabbit.Shared.Infra.Bus", "AbpMicroRabbit.Infra.Bus\AbpMicroRabbit.Shared.Infra.Bus.csproj", "{F4CCD167-A7AE-45A6-AE9A-D7129C0F221F}"
EndProject
Project("{FAE04EC0-301F-11D3-BF4B-00C04F79EFBC}") = "AbpMicroRabbit.Shared.Domain", "AbpMicroRabbit.Shared.Domain\AbpMicroRabbit.Shared.Domain.csproj", "{78FF05CB-FAFA-4CCB-A3F4-F64917E49963}"
EndProject
Project("{FAE04EC0-301F-11D3-BF4B-00C04F79EFBC}") = "BankingService", "BankingService\BankingService.csproj", "{14378576-2BA2-4A71-8AB6-FE30F5D036C7}"
EndProject
Project("{FAE04EC0-301F-11D3-BF4B-00C04F79EFBC}") = "TransferLogService", "BankingService\TransferLogService\TransferLogService.csproj", "{D4158EF6-01DB-4EB5-B384-7D9FFFBC10C1}"
EndProject
Global
	GlobalSection(SolutionConfigurationPlatforms) = preSolution
		Debug|Any CPU = Debug|Any CPU
		Release|Any CPU = Release|Any CPU
	EndGlobalSection
	GlobalSection(ProjectConfigurationPlatforms) = postSolution
		{1F31CEAC-7F19-4F64-AA88-05D7ACE11CE9}.Debug|Any CPU.ActiveCfg = Debug|Any CPU
		{1F31CEAC-7F19-4F64-AA88-05D7ACE11CE9}.Debug|Any CPU.Build.0 = Debug|Any CPU
		{1F31CEAC-7F19-4F64-AA88-05D7ACE11CE9}.Release|Any CPU.ActiveCfg = Release|Any CPU
		{1F31CEAC-7F19-4F64-AA88-05D7ACE11CE9}.Release|Any CPU.Build.0 = Release|Any CPU
		{A4A91C86-2A99-45C1-856B-8639DF1D7891}.Debug|Any CPU.ActiveCfg = Debug|Any CPU
		{A4A91C86-2A99-45C1-856B-8639DF1D7891}.Debug|Any CPU.Build.0 = Debug|Any CPU
		{A4A91C86-2A99-45C1-856B-8639DF1D7891}.Release|Any CPU.ActiveCfg = Release|Any CPU
		{A4A91C86-2A99-45C1-856B-8639DF1D7891}.Release|Any CPU.Build.0 = Release|Any CPU
		{162459F8-D4B7-44E1-9685-F243AD13E189}.Debug|Any CPU.ActiveCfg = Debug|Any CPU
		{162459F8-D4B7-44E1-9685-F243AD13E189}.Debug|Any CPU.Build.0 = Debug|Any CPU
		{162459F8-D4B7-44E1-9685-F243AD13E189}.Release|Any CPU.ActiveCfg = Release|Any CPU
		{162459F8-D4B7-44E1-9685-F243AD13E189}.Release|Any CPU.Build.0 = Release|Any CPU
		{C62C16B4-5BE8-477B-870E-3AFCDA42D148}.Debug|Any CPU.ActiveCfg = Debug|Any CPU
		{C62C16B4-5BE8-477B-870E-3AFCDA42D148}.Debug|Any CPU.Build.0 = Debug|Any CPU
		{C62C16B4-5BE8-477B-870E-3AFCDA42D148}.Release|Any CPU.ActiveCfg = Release|Any CPU
		{C62C16B4-5BE8-477B-870E-3AFCDA42D148}.Release|Any CPU.Build.0 = Release|Any CPU
		{D1922031-BF64-4E64-BA83-963C5B281395}.Debug|Any CPU.ActiveCfg = Debug|Any CPU
		{D1922031-BF64-4E64-BA83-963C5B281395}.Debug|Any CPU.Build.0 = Debug|Any CPU
		{D1922031-BF64-4E64-BA83-963C5B281395}.Release|Any CPU.ActiveCfg = Release|Any CPU
		{D1922031-BF64-4E64-BA83-963C5B281395}.Release|Any CPU.Build.0 = Release|Any CPU
		{DF240802-CFD5-4203-8D85-278C26032FAE}.Debug|Any CPU.ActiveCfg = Debug|Any CPU
		{DF240802-CFD5-4203-8D85-278C26032FAE}.Debug|Any CPU.Build.0 = Debug|Any CPU
		{DF240802-CFD5-4203-8D85-278C26032FAE}.Release|Any CPU.ActiveCfg = Release|Any CPU
		{DF240802-CFD5-4203-8D85-278C26032FAE}.Release|Any CPU.Build.0 = Release|Any CPU
		{9E198970-6745-4356-A95A-A83D68167CA9}.Debug|Any CPU.ActiveCfg = Debug|Any CPU
		{9E198970-6745-4356-A95A-A83D68167CA9}.Debug|Any CPU.Build.0 = Debug|Any CPU
		{9E198970-6745-4356-A95A-A83D68167CA9}.Release|Any CPU.ActiveCfg = Release|Any CPU
		{9E198970-6745-4356-A95A-A83D68167CA9}.Release|Any CPU.Build.0 = Release|Any CPU
		{E2F970C6-9C88-4CE2-AAA6-4990E81FEE44}.Debug|Any CPU.ActiveCfg = Debug|Any CPU
		{E2F970C6-9C88-4CE2-AAA6-4990E81FEE44}.Debug|Any CPU.Build.0 = Debug|Any CPU
		{E2F970C6-9C88-4CE2-AAA6-4990E81FEE44}.Release|Any CPU.ActiveCfg = Release|Any CPU
		{E2F970C6-9C88-4CE2-AAA6-4990E81FEE44}.Release|Any CPU.Build.0 = Release|Any CPU
		{F4CCD167-A7AE-45A6-AE9A-D7129C0F221F}.Debug|Any CPU.ActiveCfg = Debug|Any CPU
		{F4CCD167-A7AE-45A6-AE9A-D7129C0F221F}.Debug|Any CPU.Build.0 = Debug|Any CPU
		{F4CCD167-A7AE-45A6-AE9A-D7129C0F221F}.Release|Any CPU.ActiveCfg = Release|Any CPU
		{F4CCD167-A7AE-45A6-AE9A-D7129C0F221F}.Release|Any CPU.Build.0 = Release|Any CPU
		{78FF05CB-FAFA-4CCB-A3F4-F64917E49963}.Debug|Any CPU.ActiveCfg = Debug|Any CPU
		{78FF05CB-FAFA-4CCB-A3F4-F64917E49963}.Debug|Any CPU.Build.0 = Debug|Any CPU
		{78FF05CB-FAFA-4CCB-A3F4-F64917E49963}.Release|Any CPU.ActiveCfg = Release|Any CPU
		{78FF05CB-FAFA-4CCB-A3F4-F64917E49963}.Release|Any CPU.Build.0 = Release|Any CPU
		{14378576-2BA2-4A71-8AB6-FE30F5D036C7}.Debug|Any CPU.ActiveCfg = Debug|Any CPU
		{14378576-2BA2-4A71-8AB6-FE30F5D036C7}.Debug|Any CPU.Build.0 = Debug|Any CPU
		{14378576-2BA2-4A71-8AB6-FE30F5D036C7}.Release|Any CPU.ActiveCfg = Release|Any CPU
		{14378576-2BA2-4A71-8AB6-FE30F5D036C7}.Release|Any CPU.Build.0 = Release|Any CPU
		{D4158EF6-01DB-4EB5-B384-7D9FFFBC10C1}.Debug|Any CPU.ActiveCfg = Debug|Any CPU
		{D4158EF6-01DB-4EB5-B384-7D9FFFBC10C1}.Debug|Any CPU.Build.0 = Debug|Any CPU
		{D4158EF6-01DB-4EB5-B384-7D9FFFBC10C1}.Release|Any CPU.ActiveCfg = Release|Any CPU
		{D4158EF6-01DB-4EB5-B384-7D9FFFBC10C1}.Release|Any CPU.Build.0 = Release|Any CPU
	EndGlobalSection
	GlobalSection(NestedProjects) = preSolution
		{A7030CBC-24AE-4E41-9B0B-3E42C77274D9} = {79CBECEA-977A-492B-9B39-3C890EC42480}
		{5DF83A17-1AB4-44A4-8DA4-3A222CA1EE5C} = {79CBECEA-977A-492B-9B39-3C890EC42480}
		{DF770062-AD1B-43E5-B814-B7E41CD55537} = {A7030CBC-24AE-4E41-9B0B-3E42C77274D9}
		{B4E520E0-6DCE-4B33-B8AA-783EED295E5B} = {A7030CBC-24AE-4E41-9B0B-3E42C77274D9}
		{98776087-9BA8-4869-9AF1-403BE1C0859C} = {5DF83A17-1AB4-44A4-8DA4-3A222CA1EE5C}
		{6A52C50E-C7E2-41A3-A443-A204F6926F25} = {5DF83A17-1AB4-44A4-8DA4-3A222CA1EE5C}
		{1F31CEAC-7F19-4F64-AA88-05D7ACE11CE9} = {DF770062-AD1B-43E5-B814-B7E41CD55537}
		{A4A91C86-2A99-45C1-856B-8639DF1D7891} = {DF770062-AD1B-43E5-B814-B7E41CD55537}
		{162459F8-D4B7-44E1-9685-F243AD13E189} = {DF770062-AD1B-43E5-B814-B7E41CD55537}
		{C62C16B4-5BE8-477B-870E-3AFCDA42D148} = {DF770062-AD1B-43E5-B814-B7E41CD55537}
		{D1922031-BF64-4E64-BA83-963C5B281395} = {98776087-9BA8-4869-9AF1-403BE1C0859C}
		{DF240802-CFD5-4203-8D85-278C26032FAE} = {98776087-9BA8-4869-9AF1-403BE1C0859C}
		{9E198970-6745-4356-A95A-A83D68167CA9} = {98776087-9BA8-4869-9AF1-403BE1C0859C}
		{E2F970C6-9C88-4CE2-AAA6-4990E81FEE44} = {98776087-9BA8-4869-9AF1-403BE1C0859C}
		{F4CCD167-A7AE-45A6-AE9A-D7129C0F221F} = {E6302D3B-6D9F-419D-BAD6-605FDAAABF03}
		{78FF05CB-FAFA-4CCB-A3F4-F64917E49963} = {E6302D3B-6D9F-419D-BAD6-605FDAAABF03}
		{14378576-2BA2-4A71-8AB6-FE30F5D036C7} = {AC105D51-0120-43B4-A717-CD0FB869AC52}
		{D4158EF6-01DB-4EB5-B384-7D9FFFBC10C1} = {AC105D51-0120-43B4-A717-CD0FB869AC52}
	EndGlobalSection
EndGlobal
